{
  "name": "wombopy",
  "lockfileVersion": 2,
  "requires": true,
  "packages": {
    "": {
      "dependencies": {
        "@types/scriptable-ios": "^1.7.0"
      }
    },
    "node_modules/@types/scriptable-ios": {
      "version": "1.7.0",
      "resolved": "https://registry.npmjs.org/@types/scriptable-ios/-/scriptable-ios-1.7.0.tgz",
      "integrity": "sha512-9jg+Hqo416RhAyRvhVGiezvimBPRLa0Vix7GVTOPD20M2LeOE1p7LR6/URfq29ssWZGMKzLA6axYJo+DYLyFNw=="
    }
  },
  "dependencies": {
    "@types/scriptable-ios": {
      "version": "1.7.0",
      "resolved": "https://registry.npmjs.org/@types/scriptable-ios/-/scriptable-ios-1.7.0.tgz",
      "integrity": "sha512-9jg+Hqo416RhAyRvhVGiezvimBPRLa0Vix7GVTOPD20M2LeOE1p7LR6/URfq29ssWZGMKzLA6axYJo+DYLyFNw=="
    }
  }
}
